PODS:
  - Flutter (1.0.0)
  - flutter_kpay_kit (0.0.5):
    - Flutter

DEPENDENCIES:
  - Flutter (from `Flutter`)
  - flutter_kpay_kit (from `.symlinks/plugins/flutter_kpay_kit/ios`)

EXTERNAL SOURCES:
  Flutter:
    :path: Flutter
  flutter_kpay_kit:
    :path: ".symlinks/plugins/flutter_kpay_kit/ios"

SPEC CHECKSUMS:
  Flutter: e0871f40cf51350855a761d2e70bf5af5b9b5de7
  flutter_kpay_kit: 14ec6481aabd4bc995d6dc52fa3274a590b8cebd

PODFILE CHECKSUM: a57f30d18f102dd3ce366b1d62a55ecbef2158e5

COCOAPODS: 1.13.0
